
Microsoft Visual Studio Solution File, Format Version 12.00
# Visual Studio Version 17
VisualStudioVersion = 17.9.34607.119
MinimumVisualStudioVersion = 10.0.40219.1
Project("{FAE04EC0-301F-11D3-BF4B-00C04F79EFBC}") = "1 projekt", "1 projekt.csproj", "{E8DBD8EA-FF64-43FA-9851-8A9F4E265DFA}"
EndProject
Global
	GlobalSection(SolutionConfigurationPlatforms) = preSolution
		Debug|Any CPU = Debug|Any CPU
		Release|Any CPU = Release|Any CPU
	EndGlobalSection
	GlobalSection(ProjectConfigurationPlatforms) = postSolution
		{E8DBD8EA-FF64-43FA-9851-8A9F4E265DFA}.Debug|Any CPU.ActiveCfg = Debug|Any CPU
		{E8DBD8EA-FF64-43FA-9851-8A9F4E265DFA}.Debug|Any CPU.Build.0 = Debug|Any CPU
		{E8DBD8EA-FF64-43FA-9851-8A9F4E265DFA}.Release|Any CPU.ActiveCfg = Release|Any CPU
		{E8DBD8EA-FF64-43FA-9851-8A9F4E265DFA}.Release|Any CPU.Build.0 = Release|Any CPU
	EndGlobalSection
	GlobalSection(SolutionProperties) = preSolution
		HideSolutionNode = FALSE
	EndGlobalSection
	GlobalSection(ExtensibilityGlobals) = postSolution
		SolutionGuid = {B14BCA96-10C9-44FB-8483-CA5302490B78}
	EndGlobalSection
EndGlobal
